
Microsoft Visual Studio Solution File, Format Version 12.00
# Visual Studio Version 17
VisualStudioVersion = 17.5.33424.131
MinimumVisualStudioVersion = 10.0.40219.1
Project("{FAE04EC0-301F-11D3-BF4B-00C04F79EFBC}") = "RevisaoWinds", "RevisaoWinds\RevisaoWinds.csproj", "{C928D609-0938-48D5-8EAC-D7B086C47684}"
EndProject
Global
	GlobalSection(SolutionConfigurationPlatforms) = preSolution
		Debug|Any CPU = Debug|Any CPU
		Release|Any CPU = Release|Any CPU
	EndGlobalSection
	GlobalSection(ProjectConfigurationPlatforms) = postSolution
		{C928D609-0938-48D5-8EAC-D7B086C47684}.Debug|Any CPU.ActiveCfg = Debug|Any CPU
		{C928D609-0938-48D5-8EAC-D7B086C47684}.Debug|Any CPU.Build.0 = Debug|Any CPU
		{C928D609-0938-48D5-8EAC-D7B086C47684}.Release|Any CPU.ActiveCfg = Release|Any CPU
		{C928D609-0938-48D5-8EAC-D7B086C47684}.Release|Any CPU.Build.0 = Release|Any CPU
	EndGlobalSection
	GlobalSection(SolutionProperties) = preSolution
		HideSolutionNode = FALSE
	EndGlobalSection
	GlobalSection(ExtensibilityGlobals) = postSolution
		SolutionGuid = {03C82CB8-2B61-4A93-96F8-79908C11256A}
	EndGlobalSection
EndGlobal
